// !$*UTF8*$!
{
	archiveVersion = 1;
	classes = {
	};
	objectVersion = 46;
	objects = {

/* Begin PBXBuildFile section */
		A3E425A616EE156A002EE731 /* UIKit.framework in Frameworks */ = {isa = PBXBuildFile; fileRef = A3E425A516EE156A002EE731 /* UIKit.framework */; };
		A3E425A816EE156A002EE731 /* Foundation.framework in Frameworks */ = {isa = PBXBuildFile; fileRef = A3E425A716EE156A002EE731 /* Foundation.framework */; };
		A3E425AA16EE156A002EE731 /* CoreGraphics.framework in Frameworks */ = {isa = PBXBuildFile; fileRef = A3E425A916EE156A002EE731 /* CoreGraphics.framework */; };
		A3E425B016EE156A002EE731 /* InfoPlist.strings in Resources */ = {isa = PBXBuildFile; fileRef = A3E425AE16EE156A002EE731 /* InfoPlist.strings */; };
		A3E425B216EE156A002EE731 /* main.m in Sources */ = {isa = PBXBuildFile; fileRef = A3E425B116EE156A002EE731 /* main.m */; };
		A3E425B616EE156B002EE731 /* PunicaAppDelegate.m in Sources */ = {isa = PBXBuildFile; fileRef = A3E425B516EE156B002EE731 /* PunicaAppDelegate.m */; };
		A3E425B816EE156B002EE731 /* Default.png in Resources */ = {isa = PBXBuildFile; fileRef = A3E425B716EE156B002EE731 /* Default.png */; };
		A3E425BA16EE156B002EE731 /* Default@2x.png in Resources */ = {isa = PBXBuildFile; fileRef = A3E425B916EE156B002EE731 /* Default@2x.png */; };
		A3E425BC16EE156B002EE731 /* Default-568h@2x.png in Resources */ = {isa = PBXBuildFile; fileRef = A3E425BB16EE156B002EE731 /* Default-568h@2x.png */; };
		A3E425BF16EE156B002EE731 /* MainStoryboard.storyboard in Resources */ = {isa = PBXBuildFile; fileRef = A3E425BD16EE156B002EE731 /* MainStoryboard.storyboard */; };
		A3E425C216EE156B002EE731 /* PunicaViewController.m in Sources */ = {isa = PBXBuildFile; fileRef = A3E425C116EE156B002EE731 /* PunicaViewController.m */; };
		A3E425CA16EE156B002EE731 /* SenTestingKit.framework in Frameworks */ = {isa = PBXBuildFile; fileRef = A3E425C916EE156B002EE731 /* SenTestingKit.framework */; };
		A3E425CB16EE156B002EE731 /* UIKit.framework in Frameworks */ = {isa = PBXBuildFile; fileRef = A3E425A516EE156A002EE731 /* UIKit.framework */; };
		A3E425CC16EE156B002EE731 /* Foundation.framework in Frameworks */ = {isa = PBXBuildFile; fileRef = A3E425A716EE156A002EE731 /* Foundation.framework */; };
		A3E425D416EE156B002EE731 /* InfoPlist.strings in Resources */ = {isa = PBXBuildFile; fileRef = A3E425D216EE156B002EE731 /* InfoPlist.strings */; };
		A3E425D716EE156B002EE731 /* PunicaTests.m in Sources */ = {isa = PBXBuildFile; fileRef = A3E425D616EE156B002EE731 /* PunicaTests.m */; };
/* End PBXBuildFile section */

/* Begin PBXContainerItemProxy section */
		A3E425CD16EE156B002EE731 /* PBXContainerItemProxy */ = {
			isa = PBXContainerItemProxy;
			containerPortal = A3E4259A16EE156A002EE731 /* Project object */;
			proxyType = 1;
			remoteGlobalIDString = A3E425A116EE156A002EE731;
			remoteInfo = Punica;
		};
/* End PBXContainerItemProxy section */

/* Begin PBXFileReference section */
		A3E425A216EE156A002EE731 /* Punica.app */ = {isa = PBXFileReference; explicitFileType = wrapper.application; includeInIndex = 0; path = Punica.app; sourceTree = BUILT_PRODUCTS_DIR; };
		A3E425A516EE156A002EE731 /* UIKit.framework */ = {isa = PBXFileReference; lastKnownFileType = wrapper.framework; name = UIKit.framework; path = System/Library/Frameworks/UIKit.framework; sourceTree = SDKROOT; };
		A3E425A716EE156A002EE731 /* Foundation.framework */ = {isa = PBXFileReference; lastKnownFileType = wrapper.framework; name = Foundation.framework; path = System/Library/Frameworks/Foundation.framework; sourceTree = SDKROOT; };
		A3E425A916EE156A002EE731 /* CoreGraphics.framework */ = {isa = PBXFileReference; lastKnownFileType = wrapper.framework; name = CoreGraphics.framework; path = System/Library/Frameworks/CoreGraphics.framework; sourceTree = SDKROOT; };
		A3E425AD16EE156A002EE731 /* Punica-Info.plist */ = {isa = PBXFileReference; lastKnownFileType = text.plist.xml; path = "Punica-Info.plist"; sourceTree = "<group>"; };
		A3E425AF16EE156A002EE731 /* en */ = {isa = PBXFileReference; lastKnownFileType = text.plist.strings; name = en; path = en.lproj/InfoPlist.strings; sourceTree = "<group>"; };
		A3E425B116EE156A002EE731 /* main.m */ = {isa = PBXFileReference; lastKnownFileType = sourcecode.c.objc; path = main.m; sourceTree = "<group>"; };
		A3E425B316EE156A002EE731 /* Punica-Prefix.pch */ = {isa = PBXFileReference; lastKnownFileType = sourcecode.c.h; path = "Punica-Prefix.pch"; sourceTree = "<group>"; };
		A3E425B416EE156B002EE731 /* PunicaAppDelegate.h */ = {isa = PBXFileReference; lastKnownFileType = sourcecode.c.h; path = PunicaAppDelegate.h; sourceTree = "<group>"; };
		A3E425B516EE156B002EE731 /* PunicaAppDelegate.m */ = {isa = PBXFileReference; lastKnownFileType = sourcecode.c.objc; path = PunicaAppDelegate.m; sourceTree = "<group>"; };
		A3E425B716EE156B002EE731 /* Default.png */ = {isa = PBXFileReference; lastKnownFileType = image.png; path = Default.png; sourceTree = "<group>"; };
		A3E425B916EE156B002EE731 /* Default@2x.png */ = {isa = PBXFileReference; lastKnownFileType = image.png; path = "Default@2x.png"; sourceTree = "<group>"; };
		A3E425BB16EE156B002EE731 /* Default-568h@2x.png */ = {isa = PBXFileReference; lastKnownFileType = image.png; path = "Default-568h@2x.png"; sourceTree = "<group>"; };
		A3E425BE16EE156B002EE731 /* en */ = {isa = PBXFileReference; lastKnownFileType = file.storyboard; name = en; path = en.lproj/MainStoryboard.storyboard; sourceTree = "<group>"; };
		A3E425C016EE156B002EE731 /* PunicaViewController.h */ = {isa = PBXFileReference; lastKnownFileType = sourcecode.c.h; path = PunicaViewController.h; sourceTree = "<group>"; };
		A3E425C116EE156B002EE731 /* PunicaViewController.m */ = {isa = PBXFileReference; lastKnownFileType = sourcecode.c.objc; path = PunicaViewController.m; sourceTree = "<group>"; };
		A3E425C816EE156B002EE731 /* PunicaTests.octest */ = {isa = PBXFileReference; explicitFileType = wrapper.cfbundle; includeInIndex = 0; path = PunicaTests.octest; sourceTree = BUILT_PRODUCTS_DIR; };
		A3E425C916EE156B002EE731 /* SenTestingKit.framework */ = {isa = PBXFileReference; lastKnownFileType = wrapper.framework; name = SenTestingKit.framework; path = Library/Frameworks/SenTestingKit.framework; sourceTree = DEVELOPER_DIR; };
		A3E425D116EE156B002EE731 /* PunicaTests-Info.plist */ = {isa = PBXFileReference; lastKnownFileType = text.plist.xml; path = "PunicaTests-Info.plist"; sourceTree = "<group>"; };
		A3E425D316EE156B002EE731 /* en */ = {isa = PBXFileReference; lastKnownFileType = text.plist.strings; name = en; path = en.lproj/InfoPlist.strings; sourceTree = "<group>"; };
		A3E425D516EE156B002EE731 /* PunicaTests.h */ = {isa = PBXFileReference; lastKnownFileType = sourcecode.c.h; path = PunicaTests.h; sourceTree = "<group>"; };
		A3E425D616EE156B002EE731 /* PunicaTests.m */ = {isa = PBXFileReference; lastKnownFileType = sourcecode.c.objc; path = PunicaTests.m; sourceTree = "<group>"; };
/* End PBXFileReference section */

/* Begin PBXFrameworksBuildPhase section */
		A3E4259F16EE156A002EE731 /* Frameworks */ = {
			isa = PBXFrameworksBuildPhase;
			buildActionMask = 2147483647;
			files = (
				A3E425A616EE156A002EE731 /* UIKit.framework in Frameworks */,
				A3E425A816EE156A002EE731 /* Foundation.framework in Frameworks */,
				A3E425AA16EE156A002EE731 /* CoreGraphics.framework in Frameworks */,
			);
			runOnlyForDeploymentPostprocessing = 0;
		};
		A3E425C416EE156B002EE731 /* Frameworks */ = {
			isa = PBXFrameworksBuildPhase;
			buildActionMask = 2147483647;
			files = (
				A3E425CA16EE156B002EE731 /* SenTestingKit.framework in Frameworks */,
				A3E425CB16EE156B002EE731 /* UIKit.framework in Frameworks */,
				A3E425CC16EE156B002EE731 /* Foundation.framework in Frameworks */,
			);
			runOnlyForDeploymentPostprocessing = 0;
		};
/* End PBXFrameworksBuildPhase section */

/* Begin PBXGroup section */
		A3E4259916EE156A002EE731 = {
			isa = PBXGroup;
			children = (
				A3E425AB16EE156A002EE731 /* Punica */,
				A3E425CF16EE156B002EE731 /* PunicaTests */,
				A3E425A416EE156A002EE731 /* Frameworks */,
				A3E425A316EE156A002EE731 /* Products */,
			);
			sourceTree = "<group>";
		};
		A3E425A316EE156A002EE731 /* Products */ = {
			isa = PBXGroup;
			children = (
				A3E425A216EE156A002EE731 /* Punica.app */,
				A3E425C816EE156B002EE731 /* PunicaTests.octest */,
			);
			name = Products;
			sourceTree = "<group>";
		};
		A3E425A416EE156A002EE731 /* Frameworks */ = {
			isa = PBXGroup;
			children = (
				A3E425A516EE156A002EE731 /* UIKit.framework */,
				A3E425A716EE156A002EE731 /* Foundation.framework */,
				A3E425A916EE156A002EE731 /* CoreGraphics.framework */,
				A3E425C916EE156B002EE731 /* SenTestingKit.framework */,
			);
			name = Frameworks;
			sourceTree = "<group>";
		};
		A3E425AB16EE156A002EE731 /* Punica */ = {
			isa = PBXGroup;
			children = (
				A3E425B416EE156B002EE731 /* PunicaAppDelegate.h */,
				A3E425B516EE156B002EE731 /* PunicaAppDelegate.m */,
				A3E425BD16EE156B002EE731 /* MainStoryboard.storyboard */,
				A3E425C016EE156B002EE731 /* PunicaViewController.h */,
				A3E425C116EE156B002EE731 /* PunicaViewController.m */,
				A3E425AC16EE156A002EE731 /* Supporting Files */,
			);
			path = Punica;
			sourceTree = "<group>";
		};
		A3E425AC16EE156A002EE731 /* Supporting Files */ = {
			isa = PBXGroup;
			children = (
				A3E425AD16EE156A002EE731 /* Punica-Info.plist */,
				A3E425AE16EE156A002EE731 /* InfoPlist.strings */,
				A3E425B116EE156A002EE731 /* main.m */,
				A3E425B316EE156A002EE731 /* Punica-Prefix.pch */,
				A3E425B716EE156B002EE731 /* Default.png */,
				A3E425B916EE156B002EE731 /* Default@2x.png */,
				A3E425BB16EE156B002EE731 /* Default-568h@2x.png */,
			);
			name = "Supporting Files";
			sourceTree = "<group>";
		};
		A3E425CF16EE156B002EE731 /* PunicaTests */ = {
			isa = PBXGroup;
			children = (
				A3E425D516EE156B002EE731 /* PunicaTests.h */,
				A3E425D616EE156B002EE731 /* PunicaTests.m */,
				A3E425D016EE156B002EE731 /* Supporting Files */,
			);
			path = PunicaTests;
			sourceTree = "<group>";
		};
		A3E425D016EE156B002EE731 /* Supporting Files */ = {
			isa = PBXGroup;
			children = (
				A3E425D116EE156B002EE731 /* PunicaTests-Info.plist */,
				A3E425D216EE156B002EE731 /* InfoPlist.strings */,
			);
			name = "Supporting Files";
			sourceTree = "<group>";
		};
/* End PBXGroup section */

/* Begin PBXNativeTarget section */
		A3E425A116EE156A002EE731 /* Punica */ = {
			isa = PBXNativeTarget;
			buildConfigurationList = A3E425DA16EE156B002EE731 /* Build configuration list for PBXNativeTarget "Punica" */;
			buildPhases = (
				A3E4259E16EE156A002EE731 /* Sources */,
				A3E4259F16EE156A002EE731 /* Frameworks */,
				A3E425A016EE156A002EE731 /* Resources */,
			);
			buildRules = (
			);
			dependencies = (
			);
			name = Punica;
			productName = Punica;
			productReference = A3E425A216EE156A002EE731 /* Punica.app */;
			productType = "com.apple.product-type.application";
		};
		A3E425C716EE156B002EE731 /* PunicaTests */ = {
			isa = PBXNativeTarget;
			buildConfigurationList = A3E425DD16EE156B002EE731 /* Build configuration list for PBXNativeTarget "PunicaTests" */;
			buildPhases = (
				A3E425C316EE156B002EE731 /* Sources */,
				A3E425C416EE156B002EE731 /* Frameworks */,
				A3E425C516EE156B002EE731 /* Resources */,
				A3E425C616EE156B002EE731 /* ShellScript */,
			);
			buildRules = (
			);
			dependencies = (
				A3E425CE16EE156B002EE731 /* PBXTargetDependency */,
			);
			name = PunicaTests;
			productName = PunicaTests;
			productReference = A3E425C816EE156B002EE731 /* PunicaTests.octest */;
			productType = "com.apple.product-type.bundle";
		};
/* End PBXNativeTarget section */

/* Begin PBXProject section */
		A3E4259A16EE156A002EE731 /* Project object */ = {
			isa = PBXProject;
			attributes = {
				CLASSPREFIX = Punica;
				LastUpgradeCheck = 0460;
				ORGANIZATIONNAME = "Ryota MORIWAKI";
			};
			buildConfigurationList = A3E4259D16EE156A002EE731 /* Build configuration list for PBXProject "Punica" */;
			compatibilityVersion = "Xcode 3.2";
			developmentRegion = English;
			hasScannedForEncodings = 0;
			knownRegions = (
				en,
			);
			mainGroup = A3E4259916EE156A002EE731;
			productRefGroup = A3E425A316EE156A002EE731 /* Products */;
			projectDirPath = "";
			projectRoot = "";
			targets = (
				A3E425A116EE156A002EE731 /* Punica */,
				A3E425C716EE156B002EE731 /* PunicaTests */,
			);
		};
/* End PBXProject section */

/* Begin PBXResourcesBuildPhase section */
		A3E425A016EE156A002EE731 /* Resources */ = {
			isa = PBXResourcesBuildPhase;
			buildActionMask = 2147483647;
			files = (
				A3E425B016EE156A002EE731 /* InfoPlist.strings in Resources */,
				A3E425B816EE156B002EE731 /* Default.png in Resources */,
				A3E425BA16EE156B002EE731 /* Default@2x.png in Resources */,
				A3E425BC16EE156B002EE731 /* Default-568h@2x.png in Resources */,
				A3E425BF16EE156B002EE731 /* MainStoryboard.storyboard in Resources */,
			);
			runOnlyForDeploymentPostprocessing = 0;
		};
		A3E425C516EE156B002EE731 /* Resources */ = {
			isa = PBXResourcesBuildPhase;
			buildActionMask = 2147483647;
			files = (
				A3E425D416EE156B002EE731 /* InfoPlist.strings in Resources */,
			);
			runOnlyForDeploymentPostprocessing = 0;
		};
/* End PBXResourcesBuildPhase section */

/* Begin PBXShellScriptBuildPhase section */
		A3E425C616EE156B002EE731 /* ShellScript */ = {
			isa = PBXShellScriptBuildPhase;
			buildActionMask = 2147483647;
			files = (
			);
			inputPaths = (
			);
			outputPaths = (
			);
			runOnlyForDeploymentPostprocessing = 0;
			shellPath = /bin/sh;
			shellScript = "# Run the unit tests in this test bundle.\n\"${SYSTEM_DEVELOPER_DIR}/Tools/RunUnitTests\"\n";
		};
/* End PBXShellScriptBuildPhase section */

/* Begin PBXSourcesBuildPhase section */
		A3E4259E16EE156A002EE731 /* Sources */ = {
			isa = PBXSourcesBuildPhase;
			buildActionMask = 2147483647;
			files = (
				A3E425B216EE156A002EE731 /* main.m in Sources */,
				A3E425B616EE156B002EE731 /* PunicaAppDelegate.m in Sources */,
				A3E425C216EE156B002EE731 /* PunicaViewController.m in Sources */,
			);
			runOnlyForDeploymentPostprocessing = 0;
		};
		A3E425C316EE156B002EE731 /* Sources */ = {
			isa = PBXSourcesBuildPhase;
			buildActionMask = 2147483647;
			files = (
				A3E425D716EE156B002EE731 /* PunicaTests.m in Sources */,
			);
			runOnlyForDeploymentPostprocessing = 0;
		};
/* End PBXSourcesBuildPhase section */

/* Begin PBXTargetDependency section */
		A3E425CE16EE156B002EE731 /* PBXTargetDependency */ = {
			isa = PBXTargetDependency;
			target = A3E425A116EE156A002EE731 /* Punica */;
			targetProxy = A3E425CD16EE156B002EE731 /* PBXContainerItemProxy */;
		};
/* End PBXTargetDependency section */

/* Begin PBXVariantGroup section */
		A3E425AE16EE156A002EE731 /* InfoPlist.strings */ = {
			isa = PBXVariantGroup;
			children = (
				A3E425AF16EE156A002EE731 /* en */,
			);
			name = InfoPlist.strings;
			sourceTree = "<group>";
		};
		A3E425BD16EE156B002EE731 /* MainStoryboard.storyboard */ = {
			isa = PBXVariantGroup;
			children = (
				A3E425BE16EE156B002EE731 /* en */,
			);
			name = MainStoryboard.storyboard;
			sourceTree = "<group>";
		};
		A3E425D216EE156B002EE731 /* InfoPlist.strings */ = {
			isa = PBXVariantGroup;
			children = (
				A3E425D316EE156B002EE731 /* en */,
			);
			name = InfoPlist.strings;
			sourceTree = "<group>";
		};
/* End PBXVariantGroup section */

/* Begin XCBuildConfiguration section */
		A3E425D816EE156B002EE731 /* Debug */ = {
			isa = XCBuildConfiguration;
			buildSettings = {
				ALWAYS_SEARCH_USER_PATHS = NO;
				CLANG_CXX_LANGUAGE_STANDARD = "gnu++0x";
				CLANG_CXX_LIBRARY = "libc++";
				CLANG_ENABLE_OBJC_ARC = YES;
				CLANG_WARN_CONSTANT_CONVERSION = YES;
				CLANG_WARN_EMPTY_BODY = YES;
				CLANG_WARN_ENUM_CONVERSION = YES;
				CLANG_WARN_INT_CONVERSION = YES;
				CLANG_WARN__DUPLICATE_METHOD_MATCH = YES;
				"CODE_SIGN_IDENTITY[sdk=iphoneos*]" = "iPhone Developer";
				COPY_PHASE_STRIP = NO;
				GCC_C_LANGUAGE_STANDARD = gnu99;
				GCC_DYNAMIC_NO_PIC = NO;
				GCC_OPTIMIZATION_LEVEL = 0;
				GCC_PREPROCESSOR_DEFINITIONS = (
					"DEBUG=1",
					"$(inherited)",
				);
				GCC_SYMBOLS_PRIVATE_EXTERN = NO;
				GCC_WARN_ABOUT_RETURN_TYPE = YES;
				GCC_WARN_UNINITIALIZED_AUTOS = YES;
				GCC_WARN_UNUSED_VARIABLE = YES;
				IPHONEOS_DEPLOYMENT_TARGET = 6.1;
				ONLY_ACTIVE_ARCH = YES;
				SDKROOT = iphoneos;
			};
			name = Debug;
		};
		A3E425D916EE156B002EE731 /* Release */ = {
			isa = XCBuildConfiguration;
			buildSettings = {
				ALWAYS_SEARCH_USER_PATHS = NO;
				CLANG_CXX_LANGUAGE_STANDARD = "gnu++0x";
				CLANG_CXX_LIBRARY = "libc++";
				CLANG_ENABLE_OBJC_ARC = YES;
				CLANG_WARN_CONSTANT_CONVERSION = YES;
				CLANG_WARN_EMPTY_BODY = YES;
				CLANG_WARN_ENUM_CONVERSION = YES;
				CLANG_WARN_INT_CONVERSION = YES;
				CLANG_WARN__DUPLICATE_METHOD_MATCH = YES;
				"CODE_SIGN_IDENTITY[sdk=iphoneos*]" = "iPhone Developer";
				COPY_PHASE_STRIP = YES;
				GCC_C_LANGUAGE_STANDARD = gnu99;
				GCC_WARN_ABOUT_RETURN_TYPE = YES;
				GCC_WARN_UNINITIALIZED_AUTOS = YES;
				GCC_WARN_UNUSED_VARIABLE = YES;
				IPHONEOS_DEPLOYMENT_TARGET = 6.1;
				OTHER_CFLAGS = "-DNS_BLOCK_ASSERTIONS=1";
				SDKROOT = iphoneos;
				VALIDATE_PRODUCT = YES;
			};
			name = Release;
		};
		A3E425DB16EE156B002EE731 /* Debug */ = {
			isa = XCBuildConfiguration;
			buildSettings = {
				GCC_PRECOMPILE_PREFIX_HEADER = YES;
				GCC_PREFIX_HEADER = "Punica/Punica-Prefix.pch";
				INFOPLIST_FILE = "Punica/Punica-Info.plist";
				PRODUCT_NAME = "$(TARGET_NAME)";
				WRAPPER_EXTENSION = app;
			};
			name = Debug;
		};
		A3E425DC16EE156B002EE731 /* Release */ = {
			isa = XCBuildConfiguration;
			buildSettings = {
				GCC_PRECOMPILE_PREFIX_HEADER = YES;
				GCC_PREFIX_HEADER = "Punica/Punica-Prefix.pch";
				INFOPLIST_FILE = "Punica/Punica-Info.plist";
				PRODUCT_NAME = "$(TARGET_NAME)";
				WRAPPER_EXTENSION = app;
			};
			name = Release;
		};
		A3E425DE16EE156B002EE731 /* Debug */ = {
			isa = XCBuildConfiguration;
			buildSettings = {
				BUNDLE_LOADER = "$(BUILT_PRODUCTS_DIR)/Punica.app/Punica";
				FRAMEWORK_SEARCH_PATHS = (
					"\"$(SDKROOT)/Developer/Library/Frameworks\"",
					"\"$(DEVELOPER_LIBRARY_DIR)/Frameworks\"",
				);
				GCC_PRECOMPILE_PREFIX_HEADER = YES;
				GCC_PREFIX_HEADER = "Punica/Punica-Prefix.pch";
				INFOPLIST_FILE = "PunicaTests/PunicaTests-Info.plist";
				PRODUCT_NAME = "$(TARGET_NAME)";
				TEST_HOST = "$(BUNDLE_LOADER)";
				WRAPPER_EXTENSION = octest;
			};
			name = Debug;
		};
		A3E425DF16EE156B002EE731 /* Release */ = {
			isa = XCBuildConfiguration;
			buildSettings = {
				BUNDLE_LOADER = "$(BUILT_PRODUCTS_DIR)/Punica.app/Punica";
				FRAMEWORK_SEARCH_PATHS = (
					"\"$(SDKROOT)/Developer/Library/Frameworks\"",
					"\"$(DEVELOPER_LIBRARY_DIR)/Frameworks\"",
				);
				GCC_PRECOMPILE_PREFIX_HEADER = YES;
				GCC_PREFIX_HEADER = "Punica/Punica-Prefix.pch";
				INFOPLIST_FILE = "PunicaTests/PunicaTests-Info.plist";
				PRODUCT_NAME = "$(TARGET_NAME)";
				TEST_HOST = "$(BUNDLE_LOADER)";
				WRAPPER_EXTENSION = octest;
			};
			name = Release;
		};
/* End XCBuildConfiguration section */

/* Begin XCConfigurationList section */
		A3E4259D16EE156A002EE731 /* Build configuration list for PBXProject "Punica" */ = {
			isa = XCConfigurationList;
			buildConfigurations = (
				A3E425D816EE156B002EE731 /* Debug */,
				A3E425D916EE156B002EE731 /* Release */,
			);
			defaultConfigurationIsVisible = 0;
			defaultConfigurationName = Release;
		};
		A3E425DA16EE156B002EE731 /* Build configuration list for PBXNativeTarget "Punica" */ = {
			isa = XCConfigurationList;
			buildConfigurations = (
				A3E425DB16EE156B002EE731 /* Debug */,
				A3E425DC16EE156B002EE731 /* Release */,
			);
			defaultConfigurationIsVisible = 0;
		};
		A3E425DD16EE156B002EE731 /* Build configuration list for PBXNativeTarget "PunicaTests" */ = {
			isa = XCConfigurationList;
			buildConfigurations = (
				A3E425DE16EE156B002EE731 /* Debug */,
				A3E425DF16EE156B002EE731 /* Release */,
			);
			defaultConfigurationIsVisible = 0;
		};
/* End XCConfigurationList section */
	};
	rootObject = A3E4259A16EE156A002EE731 /* Project object */;
}
